
Microsoft Visual Studio Solution File, Format Version 12.00
# Visual Studio Version 17
VisualStudioVersion = 17.0.32014.148
MinimumVisualStudioVersion = 10.0.40219.1
Project("{FAE04EC0-301F-11D3-BF4B-00C04F79EFBC}") = "Loki_Cheat_Sheet", "Loki_Cheat_Sheet\Loki_Cheat_Sheet.csproj", "{0C99E50F-5BC7-4DD0-BBA8-376E2B54614B}"
EndProject
Global
	GlobalSection(SolutionConfigurationPlatforms) = preSolution
		Debug|Any CPU = Debug|Any CPU
		Release|Any CPU = Release|Any CPU
	EndGlobalSection
	GlobalSection(ProjectConfigurationPlatforms) = postSolution
		{0C99E50F-5BC7-4DD0-BBA8-376E2B54614B}.Debug|Any CPU.ActiveCfg = Debug|Any CPU
		{0C99E50F-5BC7-4DD0-BBA8-376E2B54614B}.Debug|Any CPU.Build.0 = Debug|Any CPU
		{0C99E50F-5BC7-4DD0-BBA8-376E2B54614B}.Release|Any CPU.ActiveCfg = Release|Any CPU
		{0C99E50F-5BC7-4DD0-BBA8-376E2B54614B}.Release|Any CPU.Build.0 = Release|Any CPU
	EndGlobalSection
	GlobalSection(SolutionProperties) = preSolution
		HideSolutionNode = FALSE
	EndGlobalSection
	GlobalSection(ExtensibilityGlobals) = postSolution
		SolutionGuid = {A2E0F01E-2C0C-4751-BD28-A051B18582A8}
	EndGlobalSection
EndGlobal
